
Microsoft Visual Studio Solution File, Format Version 12.00
# Visual Studio Version 17
VisualStudioVersion = 17.11.35312.102
MinimumVisualStudioVersion = 10.0.40219.1
Project("{9A19103F-16F7-4668-BE54-9A1E7A4F7556}") = "YouTubeApiProject2", "YouTubeApiProject2\YouTubeApiProject2.csproj", "{CC164BF7-7456-4FD6-80FB-0A5D94DE5E97}"
EndProject
Global
	GlobalSection(SolutionConfigurationPlatforms) = preSolution
		Debug|Any CPU = Debug|Any CPU
		Release|Any CPU = Release|Any CPU
	EndGlobalSection
	GlobalSection(ProjectConfigurationPlatforms) = postSolution
		{CC164BF7-7456-4FD6-80FB-0A5D94DE5E97}.Debug|Any CPU.ActiveCfg = Debug|Any CPU
		{CC164BF7-7456-4FD6-80FB-0A5D94DE5E97}.Debug|Any CPU.Build.0 = Debug|Any CPU
		{CC164BF7-7456-4FD6-80FB-0A5D94DE5E97}.Release|Any CPU.ActiveCfg = Release|Any CPU
		{CC164BF7-7456-4FD6-80FB-0A5D94DE5E97}.Release|Any CPU.Build.0 = Release|Any CPU
	EndGlobalSection
	GlobalSection(SolutionProperties) = preSolution
		HideSolutionNode = FALSE
	EndGlobalSection
	GlobalSection(ExtensibilityGlobals) = postSolution
		SolutionGuid = {76EE6F18-0AD7-421C-A46E-9974769BE466}
	EndGlobalSection
EndGlobal
